
Microsoft Visual Studio Solution File, Format Version 12.00
# Visual Studio 2013
VisualStudioVersion = 12.0.30501.0
MinimumVisualStudioVersion = 10.0.40219.1
Project("{8BC9CEB8-8B4A-11D0-8D11-00A0C91BC942}") = "Standing Ovation", "Standing Ovation\Standing Ovation.vcxproj", "{A9DDCE49-62D7-4079-92D0-3B283BEB3D7A}"
EndProject
Project("{8BC9CEB8-8B4A-11D0-8D11-00A0C91BC942}") = "Infinite House of Pancakes", "Infinite House of Pancakes\Infinite House of Pancakes.vcxproj", "{4EFEB61A-499E-45ED-BD23-8560475FE6A1}"
EndProject
Project("{8BC9CEB8-8B4A-11D0-8D11-00A0C91BC942}") = "Dijkstra", "Dijkstra\Dijkstra.vcxproj", "{89B3CE12-D08F-4FFC-ACD4-F026871F393F}"
EndProject
Project("{8BC9CEB8-8B4A-11D0-8D11-00A0C91BC942}") = "Ominous Omino", "Ominous Omino\Ominous Omino.vcxproj", "{DFCBD24E-4D01-4D51-91AF-59B965E5A4B8}"
EndProject
Project("{2150E333-8FDC-42A3-9474-1A3956D46DE8}") = "Qualification Round", "Qualification Round", "{5BFF22B7-5ED2-461A-B6D3-781BF1A80A3B}"
EndProject
Project("{2150E333-8FDC-42A3-9474-1A3956D46DE8}") = "Round 1a", "Round 1a", "{ECBA032F-F6F1-4989-88B7-A28C5592535F}"
EndProject
Project("{8BC9CEB8-8B4A-11D0-8D11-00A0C91BC942}") = "Template", "Template\Template.vcxproj", "{2D4FCC5A-15CC-42D0-B88A-362D76BFA15B}"
EndProject
Project("{8BC9CEB8-8B4A-11D0-8D11-00A0C91BC942}") = "Muschroom Monster", "Muschroom Monster\Muschroom Monster.vcxproj", "{AD20DA27-C98F-4FEE-A2BC-448BF03E7586}"
EndProject
Project("{8BC9CEB8-8B4A-11D0-8D11-00A0C91BC942}") = "Haircut", "Haircut\Haircut.vcxproj", "{AED22946-8F62-427E-BD0A-88CE9B12D8DF}"
EndProject
Project("{8BC9CEB8-8B4A-11D0-8D11-00A0C91BC942}") = "Logging", "Logging\Logging.vcxproj", "{BBA0DF71-B580-486C-A032-C6A2E1CC62DD}"
EndProject
Global
	GlobalSection(SolutionConfigurationPlatforms) = preSolution
		Debug|Win32 = Debug|Win32
		Release|Win32 = Release|Win32
	EndGlobalSection
	GlobalSection(ProjectConfigurationPlatforms) = postSolution
		{A9DDCE49-62D7-4079-92D0-3B283BEB3D7A}.Debug|Win32.ActiveCfg = Debug|Win32
		{A9DDCE49-62D7-4079-92D0-3B283BEB3D7A}.Debug|Win32.Build.0 = Debug|Win32
		{A9DDCE49-62D7-4079-92D0-3B283BEB3D7A}.Release|Win32.ActiveCfg = Release|Win32
		{A9DDCE49-62D7-4079-92D0-3B283BEB3D7A}.Release|Win32.Build.0 = Release|Win32
		{4EFEB61A-499E-45ED-BD23-8560475FE6A1}.Debug|Win32.ActiveCfg = Debug|Win32
		{4EFEB61A-499E-45ED-BD23-8560475FE6A1}.Debug|Win32.Build.0 = Debug|Win32
		{4EFEB61A-499E-45ED-BD23-8560475FE6A1}.Release|Win32.ActiveCfg = Release|Win32
		{4EFEB61A-499E-45ED-BD23-8560475FE6A1}.Release|Win32.Build.0 = Release|Win32
		{89B3CE12-D08F-4FFC-ACD4-F026871F393F}.Debug|Win32.ActiveCfg = Debug|Win32
		{89B3CE12-D08F-4FFC-ACD4-F026871F393F}.Debug|Win32.Build.0 = Debug|Win32
		{89B3CE12-D08F-4FFC-ACD4-F026871F393F}.Release|Win32.ActiveCfg = Release|Win32
		{89B3CE12-D08F-4FFC-ACD4-F026871F393F}.Release|Win32.Build.0 = Release|Win32
		{DFCBD24E-4D01-4D51-91AF-59B965E5A4B8}.Debug|Win32.ActiveCfg = Debug|Win32
		{DFCBD24E-4D01-4D51-91AF-59B965E5A4B8}.Debug|Win32.Build.0 = Debug|Win32
		{DFCBD24E-4D01-4D51-91AF-59B965E5A4B8}.Release|Win32.ActiveCfg = Release|Win32
		{DFCBD24E-4D01-4D51-91AF-59B965E5A4B8}.Release|Win32.Build.0 = Release|Win32
		{2D4FCC5A-15CC-42D0-B88A-362D76BFA15B}.Debug|Win32.ActiveCfg = Debug|Win32
		{2D4FCC5A-15CC-42D0-B88A-362D76BFA15B}.Debug|Win32.Build.0 = Debug|Win32
		{2D4FCC5A-15CC-42D0-B88A-362D76BFA15B}.Release|Win32.ActiveCfg = Release|Win32
		{2D4FCC5A-15CC-42D0-B88A-362D76BFA15B}.Release|Win32.Build.0 = Release|Win32
		{AD20DA27-C98F-4FEE-A2BC-448BF03E7586}.Debug|Win32.ActiveCfg = Debug|Win32
		{AD20DA27-C98F-4FEE-A2BC-448BF03E7586}.Debug|Win32.Build.0 = Debug|Win32
		{AD20DA27-C98F-4FEE-A2BC-448BF03E7586}.Release|Win32.ActiveCfg = Release|Win32
		{AD20DA27-C98F-4FEE-A2BC-448BF03E7586}.Release|Win32.Build.0 = Release|Win32
		{AED22946-8F62-427E-BD0A-88CE9B12D8DF}.Debug|Win32.ActiveCfg = Debug|Win32
		{AED22946-8F62-427E-BD0A-88CE9B12D8DF}.Debug|Win32.Build.0 = Debug|Win32
		{AED22946-8F62-427E-BD0A-88CE9B12D8DF}.Release|Win32.ActiveCfg = Release|Win32
		{AED22946-8F62-427E-BD0A-88CE9B12D8DF}.Release|Win32.Build.0 = Release|Win32
		{BBA0DF71-B580-486C-A032-C6A2E1CC62DD}.Debug|Win32.ActiveCfg = Debug|Win32
		{BBA0DF71-B580-486C-A032-C6A2E1CC62DD}.Debug|Win32.Build.0 = Debug|Win32
		{BBA0DF71-B580-486C-A032-C6A2E1CC62DD}.Release|Win32.ActiveCfg = Release|Win32
		{BBA0DF71-B580-486C-A032-C6A2E1CC62DD}.Release|Win32.Build.0 = Release|Win32
	EndGlobalSection
	GlobalSection(SolutionProperties) = preSolution
		HideSolutionNode = FALSE
	EndGlobalSection
	GlobalSection(NestedProjects) = preSolution
		{A9DDCE49-62D7-4079-92D0-3B283BEB3D7A} = {5BFF22B7-5ED2-461A-B6D3-781BF1A80A3B}
		{4EFEB61A-499E-45ED-BD23-8560475FE6A1} = {5BFF22B7-5ED2-461A-B6D3-781BF1A80A3B}
		{89B3CE12-D08F-4FFC-ACD4-F026871F393F} = {5BFF22B7-5ED2-461A-B6D3-781BF1A80A3B}
		{DFCBD24E-4D01-4D51-91AF-59B965E5A4B8} = {5BFF22B7-5ED2-461A-B6D3-781BF1A80A3B}
		{AD20DA27-C98F-4FEE-A2BC-448BF03E7586} = {ECBA032F-F6F1-4989-88B7-A28C5592535F}
		{AED22946-8F62-427E-BD0A-88CE9B12D8DF} = {ECBA032F-F6F1-4989-88B7-A28C5592535F}
		{BBA0DF71-B580-486C-A032-C6A2E1CC62DD} = {ECBA032F-F6F1-4989-88B7-A28C5592535F}
	EndGlobalSection
EndGlobal
